
Microsoft Visual Studio Solution File, Format Version 12.00
# Visual Studio Version 16
VisualStudioVersion = 16.0.31025.194
MinimumVisualStudioVersion = 10.0.40219.1
Project("{9A19103F-16F7-4668-BE54-9A1E7A4F7556}") = "DesafioSoftplan.Api2.Cross", "DesafioSoftplan.Cross\DesafioSoftplan.Api2.Cross.csproj", "{66DABF95-1D23-4141-BF59-EDD0DED12B39}"
EndProject
Project("{9A19103F-16F7-4668-BE54-9A1E7A4F7556}") = "DesafioSoftplan.Api2.Core", "DesafioSoftplan.Core\DesafioSoftplan.Api2.Core.csproj", "{035C1AEF-B9A2-48AA-B534-180C6940A82E}"
EndProject
Project("{9A19103F-16F7-4668-BE54-9A1E7A4F7556}") = "DesafioSoftplan.Api2.Infra", "DesafioSoftplan.Infra\DesafioSoftplan.Api2.Infra.csproj", "{105276D5-9402-4393-B72A-7C802EDD4FB1}"
EndProject
Project("{9A19103F-16F7-4668-BE54-9A1E7A4F7556}") = "DesafioSoftplan.Api2.Aplicacao", "DesafioSoftplan.Aplicacao\DesafioSoftplan.Api2.Aplicacao.csproj", "{4CC2182F-0D7E-4B8A-BAE2-E3F0800083DD}"
EndProject
Project("{9A19103F-16F7-4668-BE54-9A1E7A4F7556}") = "DesafioSoftplan.Api2.Api", "DesafioSoftplan.Api\DesafioSoftplan.Api2.Api.csproj", "{E85E2EE2-DE48-4E33-8AEC-E716728EBC68}"
EndProject
Project("{9A19103F-16F7-4668-BE54-9A1E7A4F7556}") = "DesafioSoftplan.Api2.Testes", "DesafioSoftplan.Testes\DesafioSoftplan.Api2.Testes.csproj", "{C256E7BD-EE11-4C6C-8108-A5414CDAB376}"
EndProject
Project("{2150E333-8FDC-42A3-9474-1A3956D46DE8}") = "Api2", "Api2", "{CDCCE12F-4E61-4715-AAF2-7A6DD4541D68}"
EndProject
Project("{2150E333-8FDC-42A3-9474-1A3956D46DE8}") = "src", "src", "{24166428-06EE-442B-A3F6-A36436CEBA48}"
EndProject
Project("{2150E333-8FDC-42A3-9474-1A3956D46DE8}") = "test", "test", "{31AB6FB8-AA10-4BC3-92C8-BB0EE3EAE07D}"
EndProject
Project("{2150E333-8FDC-42A3-9474-1A3956D46DE8}") = "Api1", "Api1", "{CE095F10-819F-428B-B5A9-2A01CAB73277}"
EndProject
Project("{2150E333-8FDC-42A3-9474-1A3956D46DE8}") = "src", "src", "{1D9DB8AE-DCE6-429B-838C-BBDCDEB36B9E}"
EndProject
Project("{FAE04EC0-301F-11D3-BF4B-00C04F79EFBC}") = "DesafioSoftplan.Api1.Cross", "DesafioSoftplan.Api1.Cross\DesafioSoftplan.Api1.Cross.csproj", "{2A2FA257-6CA1-46A0-97EC-22D91BD03234}"
EndProject
Project("{FAE04EC0-301F-11D3-BF4B-00C04F79EFBC}") = "DesafioSoftplan.Api1.Aplicacao", "DesafioSoftplan.Api1.Aplicacao\DesafioSoftplan.Api1.Aplicacao.csproj", "{6BBD22CA-E921-4835-81D0-B713E6FE66B6}"
EndProject
Project("{FAE04EC0-301F-11D3-BF4B-00C04F79EFBC}") = "DesafioSoftplan.Api1.Api", "DesafioSoftplan.Api1.Api\DesafioSoftplan.Api1.Api.csproj", "{B4E7C4C2-C068-4AF9-9848-05043BC5C2B6}"
EndProject
Global
	GlobalSection(SolutionConfigurationPlatforms) = preSolution
		Debug|Any CPU = Debug|Any CPU
		Release|Any CPU = Release|Any CPU
	EndGlobalSection
	GlobalSection(ProjectConfigurationPlatforms) = postSolution
		{66DABF95-1D23-4141-BF59-EDD0DED12B39}.Debug|Any CPU.ActiveCfg = Debug|Any CPU
		{66DABF95-1D23-4141-BF59-EDD0DED12B39}.Debug|Any CPU.Build.0 = Debug|Any CPU
		{66DABF95-1D23-4141-BF59-EDD0DED12B39}.Release|Any CPU.ActiveCfg = Release|Any CPU
		{66DABF95-1D23-4141-BF59-EDD0DED12B39}.Release|Any CPU.Build.0 = Release|Any CPU
		{035C1AEF-B9A2-48AA-B534-180C6940A82E}.Debug|Any CPU.ActiveCfg = Debug|Any CPU
		{035C1AEF-B9A2-48AA-B534-180C6940A82E}.Debug|Any CPU.Build.0 = Debug|Any CPU
		{035C1AEF-B9A2-48AA-B534-180C6940A82E}.Release|Any CPU.ActiveCfg = Release|Any CPU
		{035C1AEF-B9A2-48AA-B534-180C6940A82E}.Release|Any CPU.Build.0 = Release|Any CPU
		{105276D5-9402-4393-B72A-7C802EDD4FB1}.Debug|Any CPU.ActiveCfg = Debug|Any CPU
		{105276D5-9402-4393-B72A-7C802EDD4FB1}.Debug|Any CPU.Build.0 = Debug|Any CPU
		{105276D5-9402-4393-B72A-7C802EDD4FB1}.Release|Any CPU.ActiveCfg = Release|Any CPU
		{105276D5-9402-4393-B72A-7C802EDD4FB1}.Release|Any CPU.Build.0 = Release|Any CPU
		{4CC2182F-0D7E-4B8A-BAE2-E3F0800083DD}.Debug|Any CPU.ActiveCfg = Debug|Any CPU
		{4CC2182F-0D7E-4B8A-BAE2-E3F0800083DD}.Debug|Any CPU.Build.0 = Debug|Any CPU
		{4CC2182F-0D7E-4B8A-BAE2-E3F0800083DD}.Release|Any CPU.ActiveCfg = Release|Any CPU
		{4CC2182F-0D7E-4B8A-BAE2-E3F0800083DD}.Release|Any CPU.Build.0 = Release|Any CPU
		{E85E2EE2-DE48-4E33-8AEC-E716728EBC68}.Debug|Any CPU.ActiveCfg = Debug|Any CPU
		{E85E2EE2-DE48-4E33-8AEC-E716728EBC68}.Debug|Any CPU.Build.0 = Debug|Any CPU
		{E85E2EE2-DE48-4E33-8AEC-E716728EBC68}.Release|Any CPU.ActiveCfg = Release|Any CPU
		{E85E2EE2-DE48-4E33-8AEC-E716728EBC68}.Release|Any CPU.Build.0 = Release|Any CPU
		{C256E7BD-EE11-4C6C-8108-A5414CDAB376}.Debug|Any CPU.ActiveCfg = Debug|Any CPU
		{C256E7BD-EE11-4C6C-8108-A5414CDAB376}.Debug|Any CPU.Build.0 = Debug|Any CPU
		{C256E7BD-EE11-4C6C-8108-A5414CDAB376}.Release|Any CPU.ActiveCfg = Release|Any CPU
		{C256E7BD-EE11-4C6C-8108-A5414CDAB376}.Release|Any CPU.Build.0 = Release|Any CPU
		{2A2FA257-6CA1-46A0-97EC-22D91BD03234}.Debug|Any CPU.ActiveCfg = Debug|Any CPU
		{2A2FA257-6CA1-46A0-97EC-22D91BD03234}.Debug|Any CPU.Build.0 = Debug|Any CPU
		{2A2FA257-6CA1-46A0-97EC-22D91BD03234}.Release|Any CPU.ActiveCfg = Release|Any CPU
		{2A2FA257-6CA1-46A0-97EC-22D91BD03234}.Release|Any CPU.Build.0 = Release|Any CPU
		{6BBD22CA-E921-4835-81D0-B713E6FE66B6}.Debug|Any CPU.ActiveCfg = Debug|Any CPU
		{6BBD22CA-E921-4835-81D0-B713E6FE66B6}.Debug|Any CPU.Build.0 = Debug|Any CPU
		{6BBD22CA-E921-4835-81D0-B713E6FE66B6}.Release|Any CPU.ActiveCfg = Release|Any CPU
		{6BBD22CA-E921-4835-81D0-B713E6FE66B6}.Release|Any CPU.Build.0 = Release|Any CPU
		{B4E7C4C2-C068-4AF9-9848-05043BC5C2B6}.Debug|Any CPU.ActiveCfg = Debug|Any CPU
		{B4E7C4C2-C068-4AF9-9848-05043BC5C2B6}.Debug|Any CPU.Build.0 = Debug|Any CPU
		{B4E7C4C2-C068-4AF9-9848-05043BC5C2B6}.Release|Any CPU.ActiveCfg = Release|Any CPU
		{B4E7C4C2-C068-4AF9-9848-05043BC5C2B6}.Release|Any CPU.Build.0 = Release|Any CPU
	EndGlobalSection
	GlobalSection(SolutionProperties) = preSolution
		HideSolutionNode = FALSE
	EndGlobalSection
	GlobalSection(NestedProjects) = preSolution
		{66DABF95-1D23-4141-BF59-EDD0DED12B39} = {24166428-06EE-442B-A3F6-A36436CEBA48}
		{035C1AEF-B9A2-48AA-B534-180C6940A82E} = {24166428-06EE-442B-A3F6-A36436CEBA48}
		{105276D5-9402-4393-B72A-7C802EDD4FB1} = {24166428-06EE-442B-A3F6-A36436CEBA48}
		{4CC2182F-0D7E-4B8A-BAE2-E3F0800083DD} = {24166428-06EE-442B-A3F6-A36436CEBA48}
		{E85E2EE2-DE48-4E33-8AEC-E716728EBC68} = {24166428-06EE-442B-A3F6-A36436CEBA48}
		{C256E7BD-EE11-4C6C-8108-A5414CDAB376} = {31AB6FB8-AA10-4BC3-92C8-BB0EE3EAE07D}
		{24166428-06EE-442B-A3F6-A36436CEBA48} = {CDCCE12F-4E61-4715-AAF2-7A6DD4541D68}
		{31AB6FB8-AA10-4BC3-92C8-BB0EE3EAE07D} = {CDCCE12F-4E61-4715-AAF2-7A6DD4541D68}
		{1D9DB8AE-DCE6-429B-838C-BBDCDEB36B9E} = {CE095F10-819F-428B-B5A9-2A01CAB73277}
		{2A2FA257-6CA1-46A0-97EC-22D91BD03234} = {1D9DB8AE-DCE6-429B-838C-BBDCDEB36B9E}
		{6BBD22CA-E921-4835-81D0-B713E6FE66B6} = {1D9DB8AE-DCE6-429B-838C-BBDCDEB36B9E}
		{B4E7C4C2-C068-4AF9-9848-05043BC5C2B6} = {1D9DB8AE-DCE6-429B-838C-BBDCDEB36B9E}
	EndGlobalSection
	GlobalSection(ExtensibilityGlobals) = postSolution
		SolutionGuid = {EFBA86AD-AACE-4BC0-A86B-48C65B13B5C0}
	EndGlobalSection
EndGlobal
